// !$*UTF8*$!
{
	archiveVersion = 1;
	classes = {
	};
	objectVersion = 50;
	objects = {

/* Begin PBXBuildFile section */
		F50A4CD0264FDA9700A1D942 /* DataManager.cpp in Sources */ = {isa = PBXBuildFile; fileRef = F50A4CCE264FDA9700A1D942 /* DataManager.cpp */; };
		F578291F264CFD6B00C25AAE /* test.cpp in Sources */ = {isa = PBXBuildFile; fileRef = F578291E264CFD6B00C25AAE /* test.cpp */; };
		F5782927264CFDBD00C25AAE /* DBManager.cpp in Sources */ = {isa = PBXBuildFile; fileRef = F5782925264CFDBD00C25AAE /* DBManager.cpp */; };
		F5782930264D6F1A00C25AAE /* libcrypto.1.1.dylib in Frameworks */ = {isa = PBXBuildFile; fileRef = F578292F264D6F1A00C25AAE /* libcrypto.1.1.dylib */; };
		F5782931264D6F1A00C25AAE /* libcrypto.1.1.dylib in Embed Libraries */ = {isa = PBXBuildFile; fileRef = F578292F264D6F1A00C25AAE /* libcrypto.1.1.dylib */; settings = {ATTRIBUTES = (CodeSignOnCopy, ); }; };
		F5782934264D6F2500C25AAE /* libssl.1.1.dylib in Frameworks */ = {isa = PBXBuildFile; fileRef = F5782933264D6F2400C25AAE /* libssl.1.1.dylib */; };
		F5782935264D6F2500C25AAE /* libssl.1.1.dylib in Embed Libraries */ = {isa = PBXBuildFile; fileRef = F5782933264D6F2400C25AAE /* libssl.1.1.dylib */; settings = {ATTRIBUTES = (CodeSignOnCopy, ); }; };
/* End PBXBuildFile section */

/* Begin PBXCopyFilesBuildPhase section */
		F5782919264CFD6B00C25AAE /* CopyFiles */ = {
			isa = PBXCopyFilesBuildPhase;
			buildActionMask = 2147483647;
			dstPath = /usr/share/man/man1/;
			dstSubfolderSpec = 0;
			files = (
			);
			runOnlyForDeploymentPostprocessing = 1;
		};
		F5782932264D6F1A00C25AAE /* Embed Libraries */ = {
			isa = PBXCopyFilesBuildPhase;
			buildActionMask = 2147483647;
			dstPath = "";
			dstSubfolderSpec = 10;
			files = (
				F5782931264D6F1A00C25AAE /* libcrypto.1.1.dylib in Embed Libraries */,
				F5782935264D6F2500C25AAE /* libssl.1.1.dylib in Embed Libraries */,
			);
			name = "Embed Libraries";
			runOnlyForDeploymentPostprocessing = 0;
		};
/* End PBXCopyFilesBuildPhase section */

/* Begin PBXFileReference section */
		F50A4CCE264FDA9700A1D942 /* DataManager.cpp */ = {isa = PBXFileReference; lastKnownFileType = sourcecode.cpp.cpp; path = DataManager.cpp; sourceTree = "<group>"; };
		F50A4CCF264FDA9700A1D942 /* DataManager.hpp */ = {isa = PBXFileReference; lastKnownFileType = sourcecode.cpp.h; path = DataManager.hpp; sourceTree = "<group>"; };
		F578291B264CFD6B00C25AAE /* DataManager */ = {isa = PBXFileReference; explicitFileType = "compiled.mach-o.executable"; includeInIndex = 0; path = DataManager; sourceTree = BUILT_PRODUCTS_DIR; };
		F578291E264CFD6B00C25AAE /* test.cpp */ = {isa = PBXFileReference; lastKnownFileType = sourcecode.cpp.cpp; path = test.cpp; sourceTree = "<group>"; };
		F5782925264CFDBD00C25AAE /* DBManager.cpp */ = {isa = PBXFileReference; lastKnownFileType = sourcecode.cpp.cpp; path = DBManager.cpp; sourceTree = "<group>"; };
		F5782926264CFDBD00C25AAE /* DBManager.hpp */ = {isa = PBXFileReference; lastKnownFileType = sourcecode.cpp.h; path = DBManager.hpp; sourceTree = "<group>"; };
		F578292F264D6F1A00C25AAE /* libcrypto.1.1.dylib */ = {isa = PBXFileReference; lastKnownFileType = "compiled.mach-o.dylib"; name = libcrypto.1.1.dylib; path = "../../../../../../../../usr/local/mysql-connector-c++-8.0.25/lib64/libcrypto.1.1.dylib"; sourceTree = "<group>"; };
		F5782933264D6F2400C25AAE /* libssl.1.1.dylib */ = {isa = PBXFileReference; lastKnownFileType = "compiled.mach-o.dylib"; name = libssl.1.1.dylib; path = "../../../../../../../../usr/local/mysql-connector-c++-8.0.25/lib64/libssl.1.1.dylib"; sourceTree = "<group>"; };
/* End PBXFileReference section */

/* Begin PBXFrameworksBuildPhase section */
		F5782918264CFD6B00C25AAE /* Frameworks */ = {
			isa = PBXFrameworksBuildPhase;
			buildActionMask = 2147483647;
			files = (
				F5782930264D6F1A00C25AAE /* libcrypto.1.1.dylib in Frameworks */,
				F5782934264D6F2500C25AAE /* libssl.1.1.dylib in Frameworks */,
			);
			runOnlyForDeploymentPostprocessing = 0;
		};
/* End PBXFrameworksBuildPhase section */

/* Begin PBXGroup section */
		F5782912264CFD6B00C25AAE = {
			isa = PBXGroup;
			children = (
				F578291D264CFD6B00C25AAE /* DataManager */,
				F578291C264CFD6B00C25AAE /* Products */,
				F578292D264D6EFA00C25AAE /* Frameworks */,
			);
			sourceTree = "<group>";
		};
		F578291C264CFD6B00C25AAE /* Products */ = {
			isa = PBXGroup;
			children = (
				F578291B264CFD6B00C25AAE /* DataManager */,
			);
			name = Products;
			sourceTree = "<group>";
		};
		F578291D264CFD6B00C25AAE /* DataManager */ = {
			isa = PBXGroup;
			children = (
				F578291E264CFD6B00C25AAE /* test.cpp */,
				F5782925264CFDBD00C25AAE /* DBManager.cpp */,
				F5782926264CFDBD00C25AAE /* DBManager.hpp */,
				F50A4CCE264FDA9700A1D942 /* DataManager.cpp */,
				F50A4CCF264FDA9700A1D942 /* DataManager.hpp */,
			);
			path = DataManager;
			sourceTree = "<group>";
		};
		F578292D264D6EFA00C25AAE /* Frameworks */ = {
			isa = PBXGroup;
			children = (
				F5782933264D6F2400C25AAE /* libssl.1.1.dylib */,
				F578292F264D6F1A00C25AAE /* libcrypto.1.1.dylib */,
			);
			name = Frameworks;
			sourceTree = "<group>";
		};
/* End PBXGroup section */

/* Begin PBXNativeTarget section */
		F578291A264CFD6B00C25AAE /* DataManager */ = {
			isa = PBXNativeTarget;
			buildConfigurationList = F5782922264CFD6B00C25AAE /* Build configuration list for PBXNativeTarget "DataManager" */;
			buildPhases = (
				F5782917264CFD6B00C25AAE /* Sources */,
				F5782918264CFD6B00C25AAE /* Frameworks */,
				F5782919264CFD6B00C25AAE /* CopyFiles */,
				F5782932264D6F1A00C25AAE /* Embed Libraries */,
			);
			buildRules = (
			);
			dependencies = (
			);
			name = DataManager;
			productName = DataManager;
			productReference = F578291B264CFD6B00C25AAE /* DataManager */;
			productType = "com.apple.product-type.tool";
		};
/* End PBXNativeTarget section */

/* Begin PBXProject section */
		F5782913264CFD6B00C25AAE /* Project object */ = {
			isa = PBXProject;
			attributes = {
				LastUpgradeCheck = 1250;
				TargetAttributes = {
					F578291A264CFD6B00C25AAE = {
						CreatedOnToolsVersion = 12.5;
					};
				};
			};
			buildConfigurationList = F5782916264CFD6B00C25AAE /* Build configuration list for PBXProject "DataManager" */;
			compatibilityVersion = "Xcode 9.3";
			developmentRegion = en;
			hasScannedForEncodings = 0;
			knownRegions = (
				en,
				Base,
			);
			mainGroup = F5782912264CFD6B00C25AAE;
			productRefGroup = F578291C264CFD6B00C25AAE /* Products */;
			projectDirPath = "";
			projectRoot = "";
			targets = (
				F578291A264CFD6B00C25AAE /* DataManager */,
			);
		};
/* End PBXProject section */

/* Begin PBXSourcesBuildPhase section */
		F5782917264CFD6B00C25AAE /* Sources */ = {
			isa = PBXSourcesBuildPhase;
			buildActionMask = 2147483647;
			files = (
				F578291F264CFD6B00C25AAE /* test.cpp in Sources */,
				F50A4CD0264FDA9700A1D942 /* DataManager.cpp in Sources */,
				F5782927264CFDBD00C25AAE /* DBManager.cpp in Sources */,
			);
			runOnlyForDeploymentPostprocessing = 0;
		};
/* End PBXSourcesBuildPhase section */

/* Begin XCBuildConfiguration section */
		F5782920264CFD6B00C25AAE /* Debug */ = {
			isa = XCBuildConfiguration;
			buildSettings = {
				ALWAYS_SEARCH_USER_PATHS = NO;
				CLANG_ANALYZER_NONNULL = YES;
				CLANG_ANALYZER_NUMBER_OBJECT_CONVERSION = YES_AGGRESSIVE;
				CLANG_CXX_LANGUAGE_STANDARD = "gnu++14";
				CLANG_CXX_LIBRARY = "libc++";
				CLANG_ENABLE_MODULES = YES;
				CLANG_ENABLE_OBJC_ARC = YES;
				CLANG_ENABLE_OBJC_WEAK = YES;
				CLANG_WARN_BLOCK_CAPTURE_AUTORELEASING = YES;
				CLANG_WARN_BOOL_CONVERSION = YES;
				CLANG_WARN_COMMA = YES;
				CLANG_WARN_CONSTANT_CONVERSION = YES;
				CLANG_WARN_DEPRECATED_OBJC_IMPLEMENTATIONS = YES;
				CLANG_WARN_DIRECT_OBJC_ISA_USAGE = YES_ERROR;
				CLANG_WARN_DOCUMENTATION_COMMENTS = YES;
				CLANG_WARN_EMPTY_BODY = YES;
				CLANG_WARN_ENUM_CONVERSION = YES;
				CLANG_WARN_INFINITE_RECURSION = YES;
				CLANG_WARN_INT_CONVERSION = YES;
				CLANG_WARN_NON_LITERAL_NULL_CONVERSION = YES;
				CLANG_WARN_OBJC_IMPLICIT_RETAIN_SELF = YES;
				CLANG_WARN_OBJC_LITERAL_CONVERSION = YES;
				CLANG_WARN_OBJC_ROOT_CLASS = YES_ERROR;
				CLANG_WARN_QUOTED_INCLUDE_IN_FRAMEWORK_HEADER = YES;
				CLANG_WARN_RANGE_LOOP_ANALYSIS = YES;
				CLANG_WARN_STRICT_PROTOTYPES = YES;
				CLANG_WARN_SUSPICIOUS_MOVE = YES;
				CLANG_WARN_UNGUARDED_AVAILABILITY = YES_AGGRESSIVE;
				CLANG_WARN_UNREACHABLE_CODE = YES;
				CLANG_WARN__DUPLICATE_METHOD_MATCH = YES;
				COPY_PHASE_STRIP = NO;
				DEBUG_INFORMATION_FORMAT = dwarf;
				ENABLE_STRICT_OBJC_MSGSEND = YES;
				ENABLE_TESTABILITY = YES;
				GCC_C_LANGUAGE_STANDARD = gnu11;
				GCC_DYNAMIC_NO_PIC = NO;
				GCC_NO_COMMON_BLOCKS = YES;
				GCC_OPTIMIZATION_LEVEL = 0;
				GCC_PREPROCESSOR_DEFINITIONS = (
					"DEBUG=1",
					"$(inherited)",
				);
				GCC_WARN_64_TO_32_BIT_CONVERSION = YES;
				GCC_WARN_ABOUT_RETURN_TYPE = YES_ERROR;
				GCC_WARN_UNDECLARED_SELECTOR = YES;
				GCC_WARN_UNINITIALIZED_AUTOS = YES_AGGRESSIVE;
				GCC_WARN_UNUSED_FUNCTION = YES;
				GCC_WARN_UNUSED_VARIABLE = YES;
				HEADER_SEARCH_PATHS = "/usr/local/Cellar/mysql/8.0.23_1/include/**";
				LIBRARY_SEARCH_PATHS = "/usr/local/mysql-connector-c++-8.0.25/lib64/**";
				MACOSX_DEPLOYMENT_TARGET = 11.3;
				MTL_ENABLE_DEBUG_INFO = INCLUDE_SOURCE;
				MTL_FAST_MATH = YES;
				ONLY_ACTIVE_ARCH = YES;
				OTHER_LDFLAGS = (
					"-lmysqlcppconn-static",
					"-lssl",
					"-lcrypto",
				);
				SDKROOT = macosx;
			};
			name = Debug;
		};
		F5782921264CFD6B00C25AAE /* Release */ = {
			isa = XCBuildConfiguration;
			buildSettings = {
				ALWAYS_SEARCH_USER_PATHS = NO;
				CLANG_ANALYZER_NONNULL = YES;
				CLANG_ANALYZER_NUMBER_OBJECT_CONVERSION = YES_AGGRESSIVE;
				CLANG_CXX_LANGUAGE_STANDARD = "gnu++14";
				CLANG_CXX_LIBRARY = "libc++";
				CLANG_ENABLE_MODULES = YES;
				CLANG_ENABLE_OBJC_ARC = YES;
				CLANG_ENABLE_OBJC_WEAK = YES;
				CLANG_WARN_BLOCK_CAPTURE_AUTORELEASING = YES;
				CLANG_WARN_BOOL_CONVERSION = YES;
				CLANG_WARN_COMMA = YES;
				CLANG_WARN_CONSTANT_CONVERSION = YES;
				CLANG_WARN_DEPRECATED_OBJC_IMPLEMENTATIONS = YES;
				CLANG_WARN_DIRECT_OBJC_ISA_USAGE = YES_ERROR;
				CLANG_WARN_DOCUMENTATION_COMMENTS = YES;
				CLANG_WARN_EMPTY_BODY = YES;
				CLANG_WARN_ENUM_CONVERSION = YES;
				CLANG_WARN_INFINITE_RECURSION = YES;
				CLANG_WARN_INT_CONVERSION = YES;
				CLANG_WARN_NON_LITERAL_NULL_CONVERSION = YES;
				CLANG_WARN_OBJC_IMPLICIT_RETAIN_SELF = YES;
				CLANG_WARN_OBJC_LITERAL_CONVERSION = YES;
				CLANG_WARN_OBJC_ROOT_CLASS = YES_ERROR;
				CLANG_WARN_QUOTED_INCLUDE_IN_FRAMEWORK_HEADER = YES;
				CLANG_WARN_RANGE_LOOP_ANALYSIS = YES;
				CLANG_WARN_STRICT_PROTOTYPES = YES;
				CLANG_WARN_SUSPICIOUS_MOVE = YES;
				CLANG_WARN_UNGUARDED_AVAILABILITY = YES_AGGRESSIVE;
				CLANG_WARN_UNREACHABLE_CODE = YES;
				CLANG_WARN__DUPLICATE_METHOD_MATCH = YES;
				COPY_PHASE_STRIP = NO;
				DEBUG_INFORMATION_FORMAT = "dwarf-with-dsym";
				ENABLE_NS_ASSERTIONS = NO;
				ENABLE_STRICT_OBJC_MSGSEND = YES;
				GCC_C_LANGUAGE_STANDARD = gnu11;
				GCC_NO_COMMON_BLOCKS = YES;
				GCC_WARN_64_TO_32_BIT_CONVERSION = YES;
				GCC_WARN_ABOUT_RETURN_TYPE = YES_ERROR;
				GCC_WARN_UNDECLARED_SELECTOR = YES;
				GCC_WARN_UNINITIALIZED_AUTOS = YES_AGGRESSIVE;
				GCC_WARN_UNUSED_FUNCTION = YES;
				GCC_WARN_UNUSED_VARIABLE = YES;
				HEADER_SEARCH_PATHS = "/usr/local/Cellar/mysql/8.0.23_1/include/**";
				LIBRARY_SEARCH_PATHS = "/usr/local/mysql-connector-c++-8.0.25/lib64/**";
				MACOSX_DEPLOYMENT_TARGET = 11.3;
				MTL_ENABLE_DEBUG_INFO = NO;
				MTL_FAST_MATH = YES;
				OTHER_LDFLAGS = (
					"-lmysqlcppconn-static",
					"-lssl",
					"-lcrypto",
				);
				SDKROOT = macosx;
			};
			name = Release;
		};
		F5782923264CFD6B00C25AAE /* Debug */ = {
			isa = XCBuildConfiguration;
			buildSettings = {
				CODE_SIGN_STYLE = Automatic;
				LIBRARY_SEARCH_PATHS = (
					"$(inherited)",
					"$(PROJECT_DIR)/DataManager",
					"/usr/local/mysql-connector-c++-8.0.25/lib64",
				);
				PRODUCT_NAME = "$(TARGET_NAME)";
			};
			name = Debug;
		};
		F5782924264CFD6B00C25AAE /* Release */ = {
			isa = XCBuildConfiguration;
			buildSettings = {
				CODE_SIGN_STYLE = Automatic;
				LIBRARY_SEARCH_PATHS = (
					"$(inherited)",
					"$(PROJECT_DIR)/DataManager",
					"/usr/local/mysql-connector-c++-8.0.25/lib64",
				);
				PRODUCT_NAME = "$(TARGET_NAME)";
			};
			name = Release;
		};
/* End XCBuildConfiguration section */

/* Begin XCConfigurationList section */
		F5782916264CFD6B00C25AAE /* Build configuration list for PBXProject "DataManager" */ = {
			isa = XCConfigurationList;
			buildConfigurations = (
				F5782920264CFD6B00C25AAE /* Debug */,
				F5782921264CFD6B00C25AAE /* Release */,
			);
			defaultConfigurationIsVisible = 0;
			defaultConfigurationName = Debug;
		};
		F5782922264CFD6B00C25AAE /* Build configuration list for PBXNativeTarget "DataManager" */ = {
			isa = XCConfigurationList;
			buildConfigurations = (
				F5782923264CFD6B00C25AAE /* Debug */,
				F5782924264CFD6B00C25AAE /* Release */,
			);
			defaultConfigurationIsVisible = 0;
			defaultConfigurationName = Debug;
		};
/* End XCConfigurationList section */
	};
	rootObject = F5782913264CFD6B00C25AAE /* Project object */;
}
